
Microsoft Visual Studio Solution File, Format Version 12.00
# Visual Studio 14
VisualStudioVersion = 14.0.25420.1
MinimumVisualStudioVersion = 10.0.40219.1
Project("{FAE04EC0-301F-11D3-BF4B-00C04F79EFBC}") = "GH3 Mod Manager", "GH3 Mod Manager\GH3 Mod Manager.csproj", "{7B806F81-76CF-4852-B1AA-BAD106146F21}"
EndProject
Global
	GlobalSection(SolutionConfigurationPlatforms) = preSolution
		Debug|Any CPU = Debug|Any CPU
		Release|Any CPU = Release|Any CPU
	EndGlobalSection
	GlobalSection(ProjectConfigurationPlatforms) = postSolution
		{7B806F81-76CF-4852-B1AA-BAD106146F21}.Debug|Any CPU.ActiveCfg = Debug|Any CPU
		{7B806F81-76CF-4852-B1AA-BAD106146F21}.Debug|Any CPU.Build.0 = Debug|Any CPU
		{7B806F81-76CF-4852-B1AA-BAD106146F21}.Release|Any CPU.ActiveCfg = Release|Any CPU
		{7B806F81-76CF-4852-B1AA-BAD106146F21}.Release|Any CPU.Build.0 = Release|Any CPU
	EndGlobalSection
	GlobalSection(SolutionProperties) = preSolution
		HideSolutionNode = FALSE
	EndGlobalSection
EndGlobal
